<Solution>
  <Configurations>
    <Platform Name="Any CPU" />
    <Platform Name="x64" />
  </Configurations>
  <Folder Name="/src/">
    <Project Path="src/Brasscribe.Bandroom.Core/Brasscribe.Bandroom.Core.csproj" />
    <Project Path="src/Brasscribe.Bandroom/Brasscribe.Bandroom.csproj">
      <Platform Project="x64" />
    </Project>
  </Folder>
  <Folder Name="/tests/">
    <Project Path="tests/Brasscribe.Bandroom.Core.Tests/Brasscribe.Bandroom.Core.Tests.csproj" />
  </Folder>
  <Folder Name="/tools/">
  </Folder>
</Solution>
